
Microsoft Visual Studio Solution File, Format Version 9.00
# Visual C# Express 2005
Project("{FAE04EC0-301F-11D3-BF4B-00C04F79EFBC}") = "MCTest", "MCTest\MCTest.csproj", "{1E532C1A-59F9-4FFD-9F82-66597C6B6CBA}"
EndProject
Project("{FAE04EC0-301F-11D3-BF4B-00C04F79EFBC}") = "MakeControllerOsc", "MakeControllerOsc\MakeControllerOsc.csproj", "{F4C91935-1C0A-47C1-A6A7-DDEF131EC21C}"
EndProject
Project("{FAE04EC0-301F-11D3-BF4B-00C04F79EFBC}") = "DeskTimer", "DeskTimer\DeskTimer.csproj", "{0D5E8DB6-37DE-49BD-B0D6-11DA545AA84B}"
EndProject
Project("{FAE04EC0-301F-11D3-BF4B-00C04F79EFBC}") = "CPUMonitor", "CPUMonitor\CPUMonitor.csproj", "{86F68757-A1C9-4563-B92A-F4189FC6D2FC}"
EndProject
Global
	GlobalSection(SolutionConfigurationPlatforms) = preSolution
		Debug|Any CPU = Debug|Any CPU
		Release|Any CPU = Release|Any CPU
	EndGlobalSection
	GlobalSection(ProjectConfigurationPlatforms) = postSolution
		{1E532C1A-59F9-4FFD-9F82-66597C6B6CBA}.Debug|Any CPU.ActiveCfg = Debug|Any CPU
		{1E532C1A-59F9-4FFD-9F82-66597C6B6CBA}.Debug|Any CPU.Build.0 = Debug|Any CPU
		{1E532C1A-59F9-4FFD-9F82-66597C6B6CBA}.Release|Any CPU.ActiveCfg = Release|Any CPU
		{1E532C1A-59F9-4FFD-9F82-66597C6B6CBA}.Release|Any CPU.Build.0 = Release|Any CPU
		{F4C91935-1C0A-47C1-A6A7-DDEF131EC21C}.Debug|Any CPU.ActiveCfg = Debug|Any CPU
		{F4C91935-1C0A-47C1-A6A7-DDEF131EC21C}.Debug|Any CPU.Build.0 = Debug|Any CPU
		{F4C91935-1C0A-47C1-A6A7-DDEF131EC21C}.Release|Any CPU.ActiveCfg = Release|Any CPU
		{F4C91935-1C0A-47C1-A6A7-DDEF131EC21C}.Release|Any CPU.Build.0 = Release|Any CPU
		{0D5E8DB6-37DE-49BD-B0D6-11DA545AA84B}.Debug|Any CPU.ActiveCfg = Debug|Any CPU
		{0D5E8DB6-37DE-49BD-B0D6-11DA545AA84B}.Debug|Any CPU.Build.0 = Debug|Any CPU
		{0D5E8DB6-37DE-49BD-B0D6-11DA545AA84B}.Release|Any CPU.ActiveCfg = Release|Any CPU
		{0D5E8DB6-37DE-49BD-B0D6-11DA545AA84B}.Release|Any CPU.Build.0 = Release|Any CPU
		{86F68757-A1C9-4563-B92A-F4189FC6D2FC}.Debug|Any CPU.ActiveCfg = Debug|Any CPU
		{86F68757-A1C9-4563-B92A-F4189FC6D2FC}.Debug|Any CPU.Build.0 = Debug|Any CPU
		{86F68757-A1C9-4563-B92A-F4189FC6D2FC}.Release|Any CPU.ActiveCfg = Release|Any CPU
		{86F68757-A1C9-4563-B92A-F4189FC6D2FC}.Release|Any CPU.Build.0 = Release|Any CPU
	EndGlobalSection
	GlobalSection(SolutionProperties) = preSolution
		HideSolutionNode = FALSE
	EndGlobalSection
EndGlobal
