// !$*UTF8*$!
{
	archiveVersion = 1;
	classes = {
	};
	objectVersion = 42;
	objects = {

/* Begin PBXFileReference section */
		0C5000000E2EADCD00F13E92 /* pwm.h */ = {isa = PBXFileReference; fileEncoding = 4; lastKnownFileType = sourcecode.c.h; path = pwm.h; sourceTree = "<group>"; };
		0C5000010E2EADCD00F13E92 /* rtos.c */ = {isa = PBXFileReference; fileEncoding = 4; lastKnownFileType = sourcecode.c.c; path = rtos.c; sourceTree = "<group>"; };
		0C5000020E2EADCD00F13E92 /* rtos.h */ = {isa = PBXFileReference; fileEncoding = 4; lastKnownFileType = sourcecode.c.h; path = rtos.h; sourceTree = "<group>"; };
		0C5000030E2EADCD00F13E92 /* SAM7_EMAC.c */ = {isa = PBXFileReference; fileEncoding = 4; lastKnownFileType = sourcecode.c.c; path = SAM7_EMAC.c; sourceTree = "<group>"; };
		0C5000040E2EADCD00F13E92 /* SAM7_EMAC.h */ = {isa = PBXFileReference; fileEncoding = 4; lastKnownFileType = sourcecode.c.h; path = SAM7_EMAC.h; sourceTree = "<group>"; };
		0C5000050E2EADCD00F13E92 /* SAM7_EMAC_ISR.c */ = {isa = PBXFileReference; fileEncoding = 4; lastKnownFileType = sourcecode.c.c; path = SAM7_EMAC_ISR.c; sourceTree = "<group>"; };
		0C5000060E2EADCD00F13E92 /* serial.c */ = {isa = PBXFileReference; fileEncoding = 4; lastKnownFileType = sourcecode.c.c; path = serial.c; sourceTree = "<group>"; };
		0C5000070E2EADCD00F13E92 /* serial.h */ = {isa = PBXFileReference; fileEncoding = 4; lastKnownFileType = sourcecode.c.h; path = serial.h; sourceTree = "<group>"; };
		0C5000080E2EADCD00F13E92 /* serial2.c */ = {isa = PBXFileReference; fileEncoding = 4; lastKnownFileType = sourcecode.c.c; path = serial2.c; sourceTree = "<group>"; };
		0C5000090E2EADCD00F13E92 /* serial2.h */ = {isa = PBXFileReference; fileEncoding = 4; lastKnownFileType = sourcecode.c.h; path = serial2.h; sourceTree = "<group>"; };
		0C50000A0E2EADCD00F13E92 /* serial2_internal.h */ = {isa = PBXFileReference; fileEncoding = 4; lastKnownFileType = sourcecode.c.h; path = serial2_internal.h; sourceTree = "<group>"; };
		0C50000B0E2EADCD00F13E92 /* serial2_isr.c */ = {isa = PBXFileReference; fileEncoding = 4; lastKnownFileType = sourcecode.c.c; path = serial2_isr.c; sourceTree = "<group>"; };
		0C50000C0E2EADCD00F13E92 /* serial_internal.h */ = {isa = PBXFileReference; fileEncoding = 4; lastKnownFileType = sourcecode.c.h; path = serial_internal.h; sourceTree = "<group>"; };
		0C50000D0E2EADCD00F13E92 /* serial_isr.c */ = {isa = PBXFileReference; fileEncoding = 4; lastKnownFileType = sourcecode.c.c; path = serial_isr.c; sourceTree = "<group>"; };
		0C50000E0E2EADCD00F13E92 /* spi.c */ = {isa = PBXFileReference; fileEncoding = 4; lastKnownFileType = sourcecode.c.c; path = spi.c; sourceTree = "<group>"; };
		0C50000F0E2EADCD00F13E92 /* spi.h */ = {isa = PBXFileReference; fileEncoding = 4; lastKnownFileType = sourcecode.c.h; path = spi.h; sourceTree = "<group>"; };
		0C5000100E2EADCD00F13E92 /* system.c */ = {isa = PBXFileReference; fileEncoding = 4; lastKnownFileType = sourcecode.c.c; path = system.c; sourceTree = "<group>"; };
		0C5000110E2EADCD00F13E92 /* system.h */ = {isa = PBXFileReference; fileEncoding = 4; lastKnownFileType = sourcecode.c.h; path = system.h; sourceTree = "<group>"; };
		0C5000130E2EADCD00F13E92 /* atestee.c */ = {isa = PBXFileReference; fileEncoding = 4; lastKnownFileType = sourcecode.c.c; path = atestee.c; sourceTree = "<group>"; };
		0C5000140E2EADCD00F13E92 /* atestee.h */ = {isa = PBXFileReference; fileEncoding = 4; lastKnownFileType = sourcecode.c.h; path = atestee.h; sourceTree = "<group>"; };
		0C5000150E2EADCD00F13E92 /* ctestee.c */ = {isa = PBXFileReference; fileEncoding = 4; lastKnownFileType = sourcecode.c.c; path = ctestee.c; sourceTree = "<group>"; };
		0C5000160E2EADCD00F13E92 /* ctestee.h */ = {isa = PBXFileReference; fileEncoding = 4; lastKnownFileType = sourcecode.c.h; path = ctestee.h; sourceTree = "<group>"; };
		0C5000170E2EADCD00F13E92 /* ctester.c */ = {isa = PBXFileReference; fileEncoding = 4; lastKnownFileType = sourcecode.c.c; path = ctester.c; sourceTree = "<group>"; };
		0C5000180E2EADCD00F13E92 /* ctester.h */ = {isa = PBXFileReference; fileEncoding = 4; lastKnownFileType = sourcecode.c.h; path = ctester.h; sourceTree = "<group>"; };
		0C5000190E2EADCD00F13E92 /* timer.c */ = {isa = PBXFileReference; fileEncoding = 4; lastKnownFileType = sourcecode.c.c; path = timer.c; sourceTree = "<group>"; };
		0C50001A0E2EADCD00F13E92 /* timer.h */ = {isa = PBXFileReference; fileEncoding = 4; lastKnownFileType = sourcecode.c.h; path = timer.h; sourceTree = "<group>"; };
		0C50001B0E2EADCD00F13E92 /* timer_internal.h */ = {isa = PBXFileReference; fileEncoding = 4; lastKnownFileType = sourcecode.c.h; path = timer_internal.h; sourceTree = "<group>"; };
		0C50001C0E2EADCD00F13E92 /* timer_isr.c */ = {isa = PBXFileReference; fileEncoding = 4; lastKnownFileType = sourcecode.c.c; path = timer_isr.c; sourceTree = "<group>"; };
		0C50001D0E2EADCD00F13E92 /* types.h */ = {isa = PBXFileReference; fileEncoding = 4; lastKnownFileType = sourcecode.c.h; path = types.h; sourceTree = "<group>"; };
		0C50001E0E2EADCD00F13E92 /* USB-CDC.c */ = {isa = PBXFileReference; fileEncoding = 4; lastKnownFileType = sourcecode.c.c; path = "USB-CDC.c"; sourceTree = "<group>"; };
		0C50001F0E2EADCD00F13E92 /* USB-CDC.h */ = {isa = PBXFileReference; fileEncoding = 4; lastKnownFileType = sourcecode.c.h; path = "USB-CDC.h"; sourceTree = "<group>"; };
		0C5000200E2EADCD00F13E92 /* usb-internal.h */ = {isa = PBXFileReference; fileEncoding = 4; lastKnownFileType = sourcecode.c.h; path = "usb-internal.h"; sourceTree = "<group>"; };
		0C5000210E2EADCD00F13E92 /* usb.c */ = {isa = PBXFileReference; fileEncoding = 4; lastKnownFileType = sourcecode.c.c; path = usb.c; sourceTree = "<group>"; };
		0C5000220E2EADCD00F13E92 /* usb.h */ = {isa = PBXFileReference; fileEncoding = 4; lastKnownFileType = sourcecode.c.h; path = usb.h; sourceTree = "<group>"; };
		0C5000230E2EADCD00F13E92 /* usb_internal.h */ = {isa = PBXFileReference; fileEncoding = 4; lastKnownFileType = sourcecode.c.h; path = usb_internal.h; sourceTree = "<group>"; };
		0C5000240E2EADCD00F13E92 /* USBIsr.c */ = {isa = PBXFileReference; fileEncoding = 4; lastKnownFileType = sourcecode.c.c; path = USBIsr.c; sourceTree = "<group>"; };
		0C5000260E2EADCD00F13E92 /* AT91SAM7_Startup.s */ = {isa = PBXFileReference; fileEncoding = 4; lastKnownFileType = sourcecode.asm; path = AT91SAM7_Startup.s; sourceTree = "<group>"; };
		0C5000270E2EADCD00F13E92 /* AT91SAM7_Target.js */ = {isa = PBXFileReference; fileEncoding = 4; lastKnownFileType = sourcecode.javascript; path = AT91SAM7_Target.js; sourceTree = "<group>"; };
		0C5000280E2EADCD00F13E92 /* AT91SAM7S256_MemoryMap.xml */ = {isa = PBXFileReference; fileEncoding = 4; lastKnownFileType = text.xml; path = AT91SAM7S256_MemoryMap.xml; sourceTree = "<group>"; };
		0C5000290E2EADCD00F13E92 /* atmel-rom.ld */ = {isa = PBXFileReference; fileEncoding = 4; lastKnownFileType = text; path = "atmel-rom.ld"; sourceTree = "<group>"; };
		0C50002A0E2EADCD00F13E92 /* boot.s */ = {isa = PBXFileReference; fileEncoding = 4; lastKnownFileType = sourcecode.asm; path = boot.s; sourceTree = "<group>"; };
		0C50002B0E2EADCD00F13E92 /* crt0.s */ = {isa = PBXFileReference; fileEncoding = 4; lastKnownFileType = sourcecode.asm; path = crt0.s; sourceTree = "<group>"; };
		0C50002C0E2EADCD00F13E92 /* Cstartup_SAM7.c */ = {isa = PBXFileReference; fileEncoding = 4; lastKnownFileType = sourcecode.c.c; path = Cstartup_SAM7.c; sourceTree = "<group>"; };
		0C50002D0E2EADCD00F13E92 /* extras.c */ = {isa = PBXFileReference; fileEncoding = 4; lastKnownFileType = sourcecode.c.c; path = extras.c; sourceTree = "<group>"; };
		0C50002E0E2EADCD00F13E92 /* flash_placement.xml */ = {isa = PBXFileReference; fileEncoding = 4; lastKnownFileType = text.xml; path = flash_placement.xml; sourceTree = "<group>"; };
		0C50FF1B0E2EADCC00F13E92 /* croutine.c */ = {isa = PBXFileReference; fileEncoding = 4; lastKnownFileType = sourcecode.c.c; path = croutine.c; sourceTree = "<group>"; };
		0C50FF1D0E2EADCC00F13E92 /* croutine.h */ = {isa = PBXFileReference; fileEncoding = 4; lastKnownFileType = sourcecode.c.h; path = croutine.h; sourceTree = "<group>"; };
		0C50FF1E0E2EADCC00F13E92 /* FreeRTOS.h */ = {isa = PBXFileReference; fileEncoding = 4; lastKnownFileType = sourcecode.c.h; path = FreeRTOS.h; sourceTree = "<group>"; };
		0C50FF1F0E2EADCC00F13E92 /* list.h */ = {isa = PBXFileReference; fileEncoding = 4; lastKnownFileType = sourcecode.c.h; path = list.h; sourceTree = "<group>"; };
		0C50FF200E2EADCC00F13E92 /* portable.h */ = {isa = PBXFileReference; fileEncoding = 4; lastKnownFileType = sourcecode.c.h; path = portable.h; sourceTree = "<group>"; };
		0C50FF210E2EADCC00F13E92 /* projdefs.h */ = {isa = PBXFileReference; fileEncoding = 4; lastKnownFileType = sourcecode.c.h; path = projdefs.h; sourceTree = "<group>"; };
		0C50FF220E2EADCC00F13E92 /* queue.h */ = {isa = PBXFileReference; fileEncoding = 4; lastKnownFileType = sourcecode.c.h; path = queue.h; sourceTree = "<group>"; };
		0C50FF230E2EADCC00F13E92 /* semphr.h */ = {isa = PBXFileReference; fileEncoding = 4; lastKnownFileType = sourcecode.c.h; path = semphr.h; sourceTree = "<group>"; };
		0C50FF240E2EADCC00F13E92 /* task.h */ = {isa = PBXFileReference; fileEncoding = 4; lastKnownFileType = sourcecode.c.h; path = task.h; sourceTree = "<group>"; };
		0C50FF250E2EADCC00F13E92 /* license.txt */ = {isa = PBXFileReference; fileEncoding = 4; lastKnownFileType = text; path = license.txt; sourceTree = "<group>"; };
		0C50FF260E2EADCC00F13E92 /* list.c */ = {isa = PBXFileReference; fileEncoding = 4; lastKnownFileType = sourcecode.c.c; path = list.c; sourceTree = "<group>"; };
		0C50FF2A0E2EADCC00F13E92 /* AT91SAM7X256.h */ = {isa = PBXFileReference; fileEncoding = 4; lastKnownFileType = sourcecode.c.h; path = AT91SAM7X256.h; sourceTree = "<group>"; };
		0C50FF2B0E2EADCC00F13E92 /* ioat91sam7x256.h */ = {isa = PBXFileReference; fileEncoding = 4; lastKnownFileType = sourcecode.c.h; path = ioat91sam7x256.h; sourceTree = "<group>"; };
		0C50FF2C0E2EADCC00F13E92 /* lib_AT91SAM7X256.c */ = {isa = PBXFileReference; fileEncoding = 4; lastKnownFileType = sourcecode.c.c; path = lib_AT91SAM7X256.c; sourceTree = "<group>"; };
		0C50FF2D0E2EADCC00F13E92 /* lib_AT91SAM7X256.h */ = {isa = PBXFileReference; fileEncoding = 4; lastKnownFileType = sourcecode.c.h; path = lib_AT91SAM7X256.h; sourceTree = "<group>"; };
		0C50FF2E0E2EADCC00F13E92 /* port.c */ = {isa = PBXFileReference; fileEncoding = 4; lastKnownFileType = sourcecode.c.c; path = port.c; sourceTree = "<group>"; };
		0C50FF2F0E2EADCC00F13E92 /* portISR.c */ = {isa = PBXFileReference; fileEncoding = 4; lastKnownFileType = sourcecode.c.c; path = portISR.c; sourceTree = "<group>"; };
		0C50FF300E2EADCC00F13E92 /* portmacro.h */ = {isa = PBXFileReference; fileEncoding = 4; lastKnownFileType = sourcecode.c.h; path = portmacro.h; sourceTree = "<group>"; };
		0C50FF320E2EADCC00F13E92 /* heap_1.c */ = {isa = PBXFileReference; fileEncoding = 4; lastKnownFileType = sourcecode.c.c; path = heap_1.c; sourceTree = "<group>"; };
		0C50FF330E2EADCC00F13E92 /* heap_2.c */ = {isa = PBXFileReference; fileEncoding = 4; lastKnownFileType = sourcecode.c.c; path = heap_2.c; sourceTree = "<group>"; };
		0C50FF340E2EADCC00F13E92 /* heap_3.c */ = {isa = PBXFileReference; fileEncoding = 4; lastKnownFileType = sourcecode.c.c; path = heap_3.c; sourceTree = "<group>"; };
		0C50FF350E2EADCC00F13E92 /* queue.c */ = {isa = PBXFileReference; fileEncoding = 4; lastKnownFileType = sourcecode.c.c; path = queue.c; sourceTree = "<group>"; };
		0C50FF360E2EADCC00F13E92 /* readme.txt */ = {isa = PBXFileReference; fileEncoding = 4; lastKnownFileType = text; path = readme.txt; sourceTree = "<group>"; };
		0C50FF370E2EADCC00F13E92 /* tasks.c */ = {isa = PBXFileReference; fileEncoding = 4; lastKnownFileType = sourcecode.c.c; path = tasks.c; sourceTree = "<group>"; };
		0C50FF390E2EADCC00F13E92 /* readme.txt */ = {isa = PBXFileReference; fileEncoding = 4; lastKnownFileType = text; path = readme.txt; sourceTree = "<group>"; };
		0C50FF3B0E2EADCC00F13E92 /* CHANGELOG */ = {isa = PBXFileReference; fileEncoding = 4; lastKnownFileType = text; path = CHANGELOG; sourceTree = "<group>"; };
		0C50FF410E2EADCC00F13E92 /* cc.h */ = {isa = PBXFileReference; fileEncoding = 4; lastKnownFileType = sourcecode.c.h; path = cc.h; sourceTree = "<group>"; };
		0C50FF420E2EADCC00F13E92 /* cpu.h */ = {isa = PBXFileReference; fileEncoding = 4; lastKnownFileType = sourcecode.c.h; path = cpu.h; sourceTree = "<group>"; };
		0C50FF430E2EADCC00F13E92 /* init.h */ = {isa = PBXFileReference; fileEncoding = 4; lastKnownFileType = sourcecode.c.h; path = init.h; sourceTree = "<group>"; };
		0C50FF440E2EADCC00F13E92 /* lib.h */ = {isa = PBXFileReference; fileEncoding = 4; lastKnownFileType = sourcecode.c.h; path = lib.h; sourceTree = "<group>"; };
		0C50FF450E2EADCC00F13E92 /* perf.h */ = {isa = PBXFileReference; fileEncoding = 4; lastKnownFileType = sourcecode.c.h; path = perf.h; sourceTree = "<group>"; };
		0C50FF460E2EADCC00F13E92 /* sys_arch.h */ = {isa = PBXFileReference; fileEncoding = 4; lastKnownFileType = sourcecode.c.h; path = sys_arch.h; sourceTree = "<group>"; };
		0C50FF470E2EADCC00F13E92 /* sys_arch.c */ = {isa = PBXFileReference; fileEncoding = 4; lastKnownFileType = sourcecode.c.c; path = sys_arch.c; sourceTree = "<group>"; };
		0C50FF480E2EADCC00F13E92 /* COPYING */ = {isa = PBXFileReference; fileEncoding = 4; lastKnownFileType = text; path = COPYING; sourceTree = "<group>"; };
		0C50FF4A0E2EADCC00F13E92 /* contrib.txt */ = {isa = PBXFileReference; fileEncoding = 4; lastKnownFileType = text; path = contrib.txt; sourceTree = "<group>"; };
		0C50FF4B0E2EADCC00F13E92 /* rawapi.txt */ = {isa = PBXFileReference; fileEncoding = 4; lastKnownFileType = text; path = rawapi.txt; sourceTree = "<group>"; };
		0C50FF4C0E2EADCC00F13E92 /* savannah.txt */ = {isa = PBXFileReference; fileEncoding = 4; lastKnownFileType = text; path = savannah.txt; sourceTree = "<group>"; };
		0C50FF4D0E2EADCC00F13E92 /* snmp_agent.txt */ = {isa = PBXFileReference; fileEncoding = 4; lastKnownFileType = text; path = snmp_agent.txt; sourceTree = "<group>"; };
		0C50FF4E0E2EADCC00F13E92 /* sys_arch.txt */ = {isa = PBXFileReference; fileEncoding = 4; lastKnownFileType = text; path = sys_arch.txt; sourceTree = "<group>"; };
		0C50FF4F0E2EADCC00F13E92 /* FILES */ = {isa = PBXFileReference; fileEncoding = 4; lastKnownFileType = text; path = FILES; sourceTree = "<group>"; };
		0C50FF500E2EADCC00F13E92 /* README */ = {isa = PBXFileReference; fileEncoding = 4; lastKnownFileType = text; path = README; sourceTree = "<group>"; };
		0C50FF530E2EADCC00F13E92 /* api_lib.c */ = {isa = PBXFileReference; fileEncoding = 4; lastKnownFileType = sourcecode.c.c; path = api_lib.c; sourceTree = "<group>"; };
		0C50FF540E2EADCC00F13E92 /* api_msg.c */ = {isa = PBXFileReference; fileEncoding = 4; lastKnownFileType = sourcecode.c.c; path = api_msg.c; sourceTree = "<group>"; };
		0C50FF550E2EADCC00F13E92 /* err.c */ = {isa = PBXFileReference; fileEncoding = 4; lastKnownFileType = sourcecode.c.c; path = err.c; sourceTree = "<group>"; };
		0C50FF560E2EADCC00F13E92 /* netbuf.c */ = {isa = PBXFileReference; fileEncoding = 4; lastKnownFileType = sourcecode.c.c; path = netbuf.c; sourceTree = "<group>"; };
		0C50FF570E2EADCC00F13E92 /* netdb.c */ = {isa = PBXFileReference; fileEncoding = 4; lastKnownFileType = sourcecode.c.c; path = netdb.c; sourceTree = "<group>"; };
		0C50FF580E2EADCC00F13E92 /* netifapi.c */ = {isa = PBXFileReference; fileEncoding = 4; lastKnownFileType = sourcecode.c.c; path = netifapi.c; sourceTree = "<group>"; };
		0C50FF590E2EADCC00F13E92 /* sockets.c */ = {isa = PBXFileReference; fileEncoding = 4; lastKnownFileType = sourcecode.c.c; path = sockets.c; sourceTree = "<group>"; };
		0C50FF5A0E2EADCC00F13E92 /* tcpip.c */ = {isa = PBXFileReference; fileEncoding = 4; lastKnownFileType = sourcecode.c.c; path = tcpip.c; sourceTree = "<group>"; };
		0C50FF5C0E2EADCC00F13E92 /* dhcp.c */ = {isa = PBXFileReference; fileEncoding = 4; lastKnownFileType = sourcecode.c.c; path = dhcp.c; sourceTree = "<group>"; };
		0C50FF5D0E2EADCC00F13E92 /* dns.c */ = {isa = PBXFileReference; fileEncoding = 4; lastKnownFileType = sourcecode.c.c; path = dns.c; sourceTree = "<group>"; };
		0C50FF5E0E2EADCC00F13E92 /* init.c */ = {isa = PBXFileReference; fileEncoding = 4; lastKnownFileType = sourcecode.c.c; path = init.c; sourceTree = "<group>"; };
		0C50FF600E2EADCC00F13E92 /* autoip.c */ = {isa = PBXFileReference; fileEncoding = 4; lastKnownFileType = sourcecode.c.c; path = autoip.c; sourceTree = "<group>"; };
		0C50FF610E2EADCC00F13E92 /* icmp.c */ = {isa = PBXFileReference; fileEncoding = 4; lastKnownFileType = sourcecode.c.c; path = icmp.c; sourceTree = "<group>"; };
		0C50FF620E2EADCC00F13E92 /* igmp.c */ = {isa = PBXFileReference; fileEncoding = 4; lastKnownFileType = sourcecode.c.c; path = igmp.c; sourceTree = "<group>"; };
		0C50FF630E2EADCC00F13E92 /* inet.c */ = {isa = PBXFileReference; fileEncoding = 4; lastKnownFileType = sourcecode.c.c; path = inet.c; sourceTree = "<group>"; };
		0C50FF640E2EADCC00F13E92 /* inet_chksum.c */ = {isa = PBXFileReference; fileEncoding = 4; lastKnownFileType = sourcecode.c.c; path = inet_chksum.c; sourceTree = "<group>"; };
		0C50FF650E2EADCC00F13E92 /* ip.c */ = {isa = PBXFileReference; fileEncoding = 4; lastKnownFileType = sourcecode.c.c; path = ip.c; sourceTree = "<group>"; };
		0C50FF660E2EADCC00F13E92 /* ip_addr.c */ = {isa = PBXFileReference; fileEncoding = 4; lastKnownFileType = sourcecode.c.c; path = ip_addr.c; sourceTree = "<group>"; };
		0C50FF670E2EADCC00F13E92 /* ip_frag.c */ = {isa = PBXFileReference; fileEncoding = 4; lastKnownFileType = sourcecode.c.c; path = ip_frag.c; sourceTree = "<group>"; };
		0C50FF690E2EADCC00F13E92 /* icmp6.c */ = {isa = PBXFileReference; fileEncoding = 4; lastKnownFileType = sourcecode.c.c; path = icmp6.c; sourceTree = "<group>"; };
		0C50FF6A0E2EADCC00F13E92 /* inet6.c */ = {isa = PBXFileReference; fileEncoding = 4; lastKnownFileType = sourcecode.c.c; path = inet6.c; sourceTree = "<group>"; };
		0C50FF6B0E2EADCC00F13E92 /* ip6.c */ = {isa = PBXFileReference; fileEncoding = 4; lastKnownFileType = sourcecode.c.c; path = ip6.c; sourceTree = "<group>"; };
		0C50FF6C0E2EADCC00F13E92 /* ip6_addr.c */ = {isa = PBXFileReference; fileEncoding = 4; lastKnownFileType = sourcecode.c.c; path = ip6_addr.c; sourceTree = "<group>"; };
		0C50FF6D0E2EADCC00F13E92 /* README */ = {isa = PBXFileReference; fileEncoding = 4; lastKnownFileType = text; path = README; sourceTree = "<group>"; };
		0C50FF6E0E2EADCC00F13E92 /* mem.c */ = {isa = PBXFileReference; fileEncoding = 4; lastKnownFileType = sourcecode.c.c; path = mem.c; sourceTree = "<group>"; };
		0C50FF6F0E2EADCC00F13E92 /* memp.c */ = {isa = PBXFileReference; fileEncoding = 4; lastKnownFileType = sourcecode.c.c; path = memp.c; sourceTree = "<group>"; };
		0C50FF700E2EADCC00F13E92 /* netif.c */ = {isa = PBXFileReference; fileEncoding = 4; lastKnownFileType = sourcecode.c.c; path = netif.c; sourceTree = "<group>"; };
		0C50FF710E2EADCC00F13E92 /* pbuf.c */ = {isa = PBXFileReference; fileEncoding = 4; lastKnownFileType = sourcecode.c.c; path = pbuf.c; sourceTree = "<group>"; };
		0C50FF720E2EADCC00F13E92 /* raw.c */ = {isa = PBXFileReference; fileEncoding = 4; lastKnownFileType = sourcecode.c.c; path = raw.c; sourceTree = "<group>"; };
		0C50FF740E2EADCC00F13E92 /* asn1_dec.c */ = {isa = PBXFileReference; fileEncoding = 4; lastKnownFileType = sourcecode.c.c; path = asn1_dec.c; sourceTree = "<group>"; };
		0C50FF750E2EADCC00F13E92 /* asn1_enc.c */ = {isa = PBXFileReference; fileEncoding = 4; lastKnownFileType = sourcecode.c.c; path = asn1_enc.c; sourceTree = "<group>"; };
		0C50FF760E2EADCC00F13E92 /* mib2.c */ = {isa = PBXFileReference; fileEncoding = 4; lastKnownFileType = sourcecode.c.c; path = mib2.c; sourceTree = "<group>"; };
		0C50FF770E2EADCC00F13E92 /* mib_structs.c */ = {isa = PBXFileReference; fileEncoding = 4; lastKnownFileType = sourcecode.c.c; path = mib_structs.c; sourceTree = "<group>"; };
		0C50FF780E2EADCC00F13E92 /* msg_in.c */ = {isa = PBXFileReference; fileEncoding = 4; lastKnownFileType = sourcecode.c.c; path = msg_in.c; sourceTree = "<group>"; };
		0C50FF790E2EADCC00F13E92 /* msg_out.c */ = {isa = PBXFileReference; fileEncoding = 4; lastKnownFileType = sourcecode.c.c; path = msg_out.c; sourceTree = "<group>"; };
		0C50FF7A0E2EADCC00F13E92 /* stats.c */ = {isa = PBXFileReference; fileEncoding = 4; lastKnownFileType = sourcecode.c.c; path = stats.c; sourceTree = "<group>"; };
		0C50FF7B0E2EADCC00F13E92 /* sys.c */ = {isa = PBXFileReference; fileEncoding = 4; lastKnownFileType = sourcecode.c.c; path = sys.c; sourceTree = "<group>"; };
		0C50FF7C0E2EADCC00F13E92 /* tcp.c */ = {isa = PBXFileReference; fileEncoding = 4; lastKnownFileType = sourcecode.c.c; path = tcp.c; sourceTree = "<group>"; };
		0C50FF7D0E2EADCC00F13E92 /* tcp_in.c */ = {isa = PBXFileReference; fileEncoding = 4; lastKnownFileType = sourcecode.c.c; path = tcp_in.c; sourceTree = "<group>"; };
		0C50FF7E0E2EADCC00F13E92 /* tcp_out.c */ = {isa = PBXFileReference; fileEncoding = 4; lastKnownFileType = sourcecode.c.c; path = tcp_out.c; sourceTree = "<group>"; };
		0C50FF7F0E2EADCC00F13E92 /* udp.c */ = {isa = PBXFileReference; fileEncoding = 4; lastKnownFileType = sourcecode.c.c; path = udp.c; sourceTree = "<group>"; };
		0C50FF800E2EADCC00F13E92 /* FILES */ = {isa = PBXFileReference; fileEncoding = 4; lastKnownFileType = text; path = FILES; sourceTree = "<group>"; };
		0C50FF840E2EADCC00F13E92 /* autoip.h */ = {isa = PBXFileReference; fileEncoding = 4; lastKnownFileType = sourcecode.c.h; path = autoip.h; sourceTree = "<group>"; };
		0C50FF850E2EADCC00F13E92 /* icmp.h */ = {isa = PBXFileReference; fileEncoding = 4; lastKnownFileType = sourcecode.c.h; path = icmp.h; sourceTree = "<group>"; };
		0C50FF860E2EADCC00F13E92 /* igmp.h */ = {isa = PBXFileReference; fileEncoding = 4; lastKnownFileType = sourcecode.c.h; path = igmp.h; sourceTree = "<group>"; };
		0C50FF870E2EADCC00F13E92 /* inet.h */ = {isa = PBXFileReference; fileEncoding = 4; lastKnownFileType = sourcecode.c.h; path = inet.h; sourceTree = "<group>"; };
		0C50FF880E2EADCC00F13E92 /* inet_chksum.h */ = {isa = PBXFileReference; fileEncoding = 4; lastKnownFileType = sourcecode.c.h; path = inet_chksum.h; sourceTree = "<group>"; };
		0C50FF890E2EADCC00F13E92 /* ip.h */ = {isa = PBXFileReference; fileEncoding = 4; lastKnownFileType = sourcecode.c.h; path = ip.h; sourceTree = "<group>"; };
		0C50FF8A0E2EADCC00F13E92 /* ip_addr.h */ = {isa = PBXFileReference; fileEncoding = 4; lastKnownFileType = sourcecode.c.h; path = ip_addr.h; sourceTree = "<group>"; };
		0C50FF8B0E2EADCC00F13E92 /* ip_frag.h */ = {isa = PBXFileReference; fileEncoding = 4; lastKnownFileType = sourcecode.c.h; path = ip_frag.h; sourceTree = "<group>"; };
		0C50FF8E0E2EADCC00F13E92 /* icmp.h */ = {isa = PBXFileReference; fileEncoding = 4; lastKnownFileType = sourcecode.c.h; path = icmp.h; sourceTree = "<group>"; };
		0C50FF8F0E2EADCC00F13E92 /* inet.h */ = {isa = PBXFileReference; fileEncoding = 4; lastKnownFileType = sourcecode.c.h; path = inet.h; sourceTree = "<group>"; };
		0C50FF900E2EADCC00F13E92 /* ip.h */ = {isa = PBXFileReference; fileEncoding = 4; lastKnownFileType = sourcecode.c.h; path = ip.h; sourceTree = "<group>"; };
		0C50FF910E2EADCC00F13E92 /* ip_addr.h */ = {isa = PBXFileReference; fileEncoding = 4; lastKnownFileType = sourcecode.c.h; path = ip_addr.h; sourceTree = "<group>"; };
		0C50FF930E2EADCC00F13E92 /* api.h */ = {isa = PBXFileReference; fileEncoding = 4; lastKnownFileType = sourcecode.c.h; path = api.h; sourceTree = "<group>"; };
		0C50FF940E2EADCC00F13E92 /* api_msg.h */ = {isa = PBXFileReference; fileEncoding = 4; lastKnownFileType = sourcecode.c.h; path = api_msg.h; sourceTree = "<group>"; };
		0C50FF950E2EADCC00F13E92 /* arch.h */ = {isa = PBXFileReference; fileEncoding = 4; lastKnownFileType = sourcecode.c.h; path = arch.h; sourceTree = "<group>"; };
		0C50FF960E2EADCC00F13E92 /* debug.h */ = {isa = PBXFileReference; fileEncoding = 4; lastKnownFileType = sourcecode.c.h; path = debug.h; sourceTree = "<group>"; };
		0C50FF970E2EADCC00F13E92 /* def.h */ = {isa = PBXFileReference; fileEncoding = 4; lastKnownFileType = sourcecode.c.h; path = def.h; sourceTree = "<group>"; };
		0C50FF980E2EADCC00F13E92 /* dhcp.h */ = {isa = PBXFileReference; fileEncoding = 4; lastKnownFileType = sourcecode.c.h; path = dhcp.h; sourceTree = "<group>"; };
		0C50FF990E2EADCC00F13E92 /* dns.h */ = {isa = PBXFileReference; fileEncoding = 4; lastKnownFileType = sourcecode.c.h; path = dns.h; sourceTree = "<group>"; };
		0C50FF9A0E2EADCC00F13E92 /* err.h */ = {isa = PBXFileReference; fileEncoding = 4; lastKnownFileType = sourcecode.c.h; path = err.h; sourceTree = "<group>"; };
		0C50FF9B0E2EADCC00F13E92 /* init.h */ = {isa = PBXFileReference; fileEncoding = 4; lastKnownFileType = sourcecode.c.h; path = init.h; sourceTree = "<group>"; };
		0C50FF9C0E2EADCC00F13E92 /* mem.h */ = {isa = PBXFileReference; fileEncoding = 4; lastKnownFileType = sourcecode.c.h; path = mem.h; sourceTree = "<group>"; };
		0C50FF9D0E2EADCC00F13E92 /* memp.h */ = {isa = PBXFileReference; fileEncoding = 4; lastKnownFileType = sourcecode.c.h; path = memp.h; sourceTree = "<group>"; };
		0C50FF9E0E2EADCC00F13E92 /* memp_std.h */ = {isa = PBXFileReference; fileEncoding = 4; lastKnownFileType = sourcecode.c.h; path = memp_std.h; sourceTree = "<group>"; };
		0C50FF9F0E2EADCC00F13E92 /* netbuf.h */ = {isa = PBXFileReference; fileEncoding = 4; lastKnownFileType = sourcecode.c.h; path = netbuf.h; sourceTree = "<group>"; };
		0C50FFA00E2EADCC00F13E92 /* netdb.h */ = {isa = PBXFileReference; fileEncoding = 4; lastKnownFileType = sourcecode.c.h; path = netdb.h; sourceTree = "<group>"; };
		0C50FFA10E2EADCC00F13E92 /* netif.h */ = {isa = PBXFileReference; fileEncoding = 4; lastKnownFileType = sourcecode.c.h; path = netif.h; sourceTree = "<group>"; };
		0C50FFA20E2EADCC00F13E92 /* netifapi.h */ = {isa = PBXFileReference; fileEncoding = 4; lastKnownFileType = sourcecode.c.h; path = netifapi.h; sourceTree = "<group>"; };
		0C50FFA30E2EADCC00F13E92 /* opt.h */ = {isa = PBXFileReference; fileEncoding = 4; lastKnownFileType = sourcecode.c.h; path = opt.h; sourceTree = "<group>"; };
		0C50FFA40E2EADCC00F13E92 /* pbuf.h */ = {isa = PBXFileReference; fileEncoding = 4; lastKnownFileType = sourcecode.c.h; path = pbuf.h; sourceTree = "<group>"; };
		0C50FFA50E2EADCC00F13E92 /* raw.h */ = {isa = PBXFileReference; fileEncoding = 4; lastKnownFileType = sourcecode.c.h; path = raw.h; sourceTree = "<group>"; };
		0C50FFA60E2EADCC00F13E92 /* sio.h */ = {isa = PBXFileReference; fileEncoding = 4; lastKnownFileType = sourcecode.c.h; path = sio.h; sourceTree = "<group>"; };
		0C50FFA70E2EADCC00F13E92 /* snmp.h */ = {isa = PBXFileReference; fileEncoding = 4; lastKnownFileType = sourcecode.c.h; path = snmp.h; sourceTree = "<group>"; };
		0C50FFA80E2EADCC00F13E92 /* snmp_asn1.h */ = {isa = PBXFileReference; fileEncoding = 4; lastKnownFileType = sourcecode.c.h; path = snmp_asn1.h; sourceTree = "<group>"; };
		0C50FFA90E2EADCC00F13E92 /* snmp_msg.h */ = {isa = PBXFileReference; fileEncoding = 4; lastKnownFileType = sourcecode.c.h; path = snmp_msg.h; sourceTree = "<group>"; };
		0C50FFAA0E2EADCC00F13E92 /* snmp_structs.h */ = {isa = PBXFileReference; fileEncoding = 4; lastKnownFileType = sourcecode.c.h; path = snmp_structs.h; sourceTree = "<group>"; };
		0C50FFAB0E2EADCC00F13E92 /* sockets.h */ = {isa = PBXFileReference; fileEncoding = 4; lastKnownFileType = sourcecode.c.h; path = sockets.h; sourceTree = "<group>"; };
		0C50FFAC0E2EADCC00F13E92 /* stats.h */ = {isa = PBXFileReference; fileEncoding = 4; lastKnownFileType = sourcecode.c.h; path = stats.h; sourceTree = "<group>"; };
		0C50FFAD0E2EADCC00F13E92 /* sys.h */ = {isa = PBXFileReference; fileEncoding = 4; lastKnownFileType = sourcecode.c.h; path = sys.h; sourceTree = "<group>"; };
		0C50FFAE0E2EADCC00F13E92 /* tcp.h */ = {isa = PBXFileReference; fileEncoding = 4; lastKnownFileType = sourcecode.c.h; path = tcp.h; sourceTree = "<group>"; };
		0C50FFAF0E2EADCC00F13E92 /* tcpip.h */ = {isa = PBXFileReference; fileEncoding = 4; lastKnownFileType = sourcecode.c.h; path = tcpip.h; sourceTree = "<group>"; };
		0C50FFB00E2EADCC00F13E92 /* udp.h */ = {isa = PBXFileReference; fileEncoding = 4; lastKnownFileType = sourcecode.c.h; path = udp.h; sourceTree = "<group>"; };
		0C50FFB20E2EADCC00F13E92 /* etharp.h */ = {isa = PBXFileReference; fileEncoding = 4; lastKnownFileType = sourcecode.c.h; path = etharp.h; sourceTree = "<group>"; };
		0C50FFB30E2EADCC00F13E92 /* loopif.h */ = {isa = PBXFileReference; fileEncoding = 4; lastKnownFileType = sourcecode.c.h; path = loopif.h; sourceTree = "<group>"; };
		0C50FFB40E2EADCC00F13E92 /* ppp_oe.h */ = {isa = PBXFileReference; fileEncoding = 4; lastKnownFileType = sourcecode.c.h; path = ppp_oe.h; sourceTree = "<group>"; };
		0C50FFB50E2EADCC00F13E92 /* slipif.h */ = {isa = PBXFileReference; fileEncoding = 4; lastKnownFileType = sourcecode.c.h; path = slipif.h; sourceTree = "<group>"; };
		0C50FFB70E2EADCC00F13E92 /* etharp.c */ = {isa = PBXFileReference; fileEncoding = 4; lastKnownFileType = sourcecode.c.c; path = etharp.c; sourceTree = "<group>"; };
		0C50FFB80E2EADCC00F13E92 /* ethernetif.c */ = {isa = PBXFileReference; fileEncoding = 4; lastKnownFileType = sourcecode.c.c; path = ethernetif.c; sourceTree = "<group>"; };
		0C50FFB90E2EADCC00F13E92 /* loopif.c */ = {isa = PBXFileReference; fileEncoding = 4; lastKnownFileType = sourcecode.c.c; path = loopif.c; sourceTree = "<group>"; };
		0C50FFBB0E2EADCC00F13E92 /* auth.c */ = {isa = PBXFileReference; fileEncoding = 4; lastKnownFileType = sourcecode.c.c; path = auth.c; sourceTree = "<group>"; };
		0C50FFBC0E2EADCC00F13E92 /* auth.h */ = {isa = PBXFileReference; fileEncoding = 4; lastKnownFileType = sourcecode.c.h; path = auth.h; sourceTree = "<group>"; };
		0C50FFBD0E2EADCC00F13E92 /* chap.c */ = {isa = PBXFileReference; fileEncoding = 4; lastKnownFileType = sourcecode.c.c; path = chap.c; sourceTree = "<group>"; };
		0C50FFBE0E2EADCC00F13E92 /* chap.h */ = {isa = PBXFileReference; fileEncoding = 4; lastKnownFileType = sourcecode.c.h; path = chap.h; sourceTree = "<group>"; };
		0C50FFBF0E2EADCC00F13E92 /* chpms.c */ = {isa = PBXFileReference; fileEncoding = 4; lastKnownFileType = sourcecode.c.c; path = chpms.c; sourceTree = "<group>"; };
		0C50FFC00E2EADCC00F13E92 /* chpms.h */ = {isa = PBXFileReference; fileEncoding = 4; lastKnownFileType = sourcecode.c.h; path = chpms.h; sourceTree = "<group>"; };
		0C50FFC10E2EADCC00F13E92 /* fsm.c */ = {isa = PBXFileReference; fileEncoding = 4; lastKnownFileType = sourcecode.c.c; path = fsm.c; sourceTree = "<group>"; };
		0C50FFC20E2EADCC00F13E92 /* fsm.h */ = {isa = PBXFileReference; fileEncoding = 4; lastKnownFileType = sourcecode.c.h; path = fsm.h; sourceTree = "<group>"; };
		0C50FFC30E2EADCC00F13E92 /* ipcp.c */ = {isa = PBXFileReference; fileEncoding = 4; lastKnownFileType = sourcecode.c.c; path = ipcp.c; sourceTree = "<group>"; };
		0C50FFC40E2EADCC00F13E92 /* ipcp.h */ = {isa = PBXFileReference; fileEncoding = 4; lastKnownFileType = sourcecode.c.h; path = ipcp.h; sourceTree = "<group>"; };
		0C50FFC50E2EADCC00F13E92 /* lcp.c */ = {isa = PBXFileReference; fileEncoding = 4; lastKnownFileType = sourcecode.c.c; path = lcp.c; sourceTree = "<group>"; };
		0C50FFC60E2EADCC00F13E92 /* lcp.h */ = {isa = PBXFileReference; fileEncoding = 4; lastKnownFileType = sourcecode.c.h; path = lcp.h; sourceTree = "<group>"; };
		0C50FFC70E2EADCC00F13E92 /* magic.c */ = {isa = PBXFileReference; fileEncoding = 4; lastKnownFileType = sourcecode.c.c; path = magic.c; sourceTree = "<group>"; };
		0C50FFC80E2EADCC00F13E92 /* magic.h */ = {isa = PBXFileReference; fileEncoding = 4; lastKnownFileType = sourcecode.c.h; path = magic.h; sourceTree = "<group>"; };
		0C50FFC90E2EADCC00F13E92 /* md5.c */ = {isa = PBXFileReference; fileEncoding = 4; lastKnownFileType = sourcecode.c.c; path = md5.c; sourceTree = "<group>"; };
		0C50FFCA0E2EADCC00F13E92 /* md5.h */ = {isa = PBXFileReference; fileEncoding = 4; lastKnownFileType = sourcecode.c.h; path = md5.h; sourceTree = "<group>"; };
		0C50FFCB0E2EADCC00F13E92 /* pap.c */ = {isa = PBXFileReference; fileEncoding = 4; lastKnownFileType = sourcecode.c.c; path = pap.c; sourceTree = "<group>"; };
		0C50FFCC0E2EADCC00F13E92 /* pap.h */ = {isa = PBXFileReference; fileEncoding = 4; lastKnownFileType = sourcecode.c.h; path = pap.h; sourceTree = "<group>"; };
		0C50FFCD0E2EADCC00F13E92 /* ppp.c */ = {isa = PBXFileReference; fileEncoding = 4; lastKnownFileType = sourcecode.c.c; path = ppp.c; sourceTree = "<group>"; };
		0C50FFCE0E2EADCC00F13E92 /* ppp.h */ = {isa = PBXFileReference; fileEncoding = 4; lastKnownFileType = sourcecode.c.h; path = ppp.h; sourceTree = "<group>"; };
		0C50FFCF0E2EADCC00F13E92 /* ppp_oe.c */ = {isa = PBXFileReference; fileEncoding = 4; lastKnownFileType = sourcecode.c.c; path = ppp_oe.c; sourceTree = "<group>"; };
		0C50FFD00E2EADCC00F13E92 /* pppdebug.h */ = {isa = PBXFileReference; fileEncoding = 4; lastKnownFileType = sourcecode.c.h; path = pppdebug.h; sourceTree = "<group>"; };
		0C50FFD10E2EADCC00F13E92 /* randm.c */ = {isa = PBXFileReference; fileEncoding = 4; lastKnownFileType = sourcecode.c.c; path = randm.c; sourceTree = "<group>"; };
		0C50FFD20E2EADCC00F13E92 /* randm.h */ = {isa = PBXFileReference; fileEncoding = 4; lastKnownFileType = sourcecode.c.h; path = randm.h; sourceTree = "<group>"; };
		0C50FFD30E2EADCC00F13E92 /* vj.c */ = {isa = PBXFileReference; fileEncoding = 4; lastKnownFileType = sourcecode.c.c; path = vj.c; sourceTree = "<group>"; };
		0C50FFD40E2EADCD00F13E92 /* vj.h */ = {isa = PBXFileReference; fileEncoding = 4; lastKnownFileType = sourcecode.c.h; path = vj.h; sourceTree = "<group>"; };
		0C50FFD50E2EADCD00F13E92 /* vjbsdhdr.h */ = {isa = PBXFileReference; fileEncoding = 4; lastKnownFileType = sourcecode.c.h; path = vjbsdhdr.h; sourceTree = "<group>"; };
		0C50FFD60E2EADCD00F13E92 /* slipif.c */ = {isa = PBXFileReference; fileEncoding = 4; lastKnownFileType = sourcecode.c.c; path = slipif.c; sourceTree = "<group>"; };
		0C50FFD80E2EADCD00F13E92 /* analogin.c */ = {isa = PBXFileReference; fileEncoding = 4; lastKnownFileType = sourcecode.c.c; path = analogin.c; sourceTree = "<group>"; };
		0C50FFD90E2EADCD00F13E92 /* analogin.h */ = {isa = PBXFileReference; fileEncoding = 4; lastKnownFileType = sourcecode.c.h; path = analogin.h; sourceTree = "<group>"; };
		0C50FFDA0E2EADCD00F13E92 /* analogin_internal.h */ = {isa = PBXFileReference; fileEncoding = 4; lastKnownFileType = sourcecode.c.h; path = analogin_internal.h; sourceTree = "<group>"; };
		0C50FFDB0E2EADCD00F13E92 /* analogin_isr.c */ = {isa = PBXFileReference; fileEncoding = 4; lastKnownFileType = sourcecode.c.c; path = analogin_isr.c; sourceTree = "<group>"; };
		0C50FFDC0E2EADCD00F13E92 /* Board.h */ = {isa = PBXFileReference; fileEncoding = 4; lastKnownFileType = sourcecode.c.h; path = Board.h; sourceTree = "<group>"; };
		0C50FFDD0E2EADCD00F13E92 /* can.c */ = {isa = PBXFileReference; fileEncoding = 4; lastKnownFileType = sourcecode.c.c; path = can.c; sourceTree = "<group>"; };
		0C50FFDE0E2EADCD00F13E92 /* can.h */ = {isa = PBXFileReference; fileEncoding = 4; lastKnownFileType = sourcecode.c.h; path = can.h; sourceTree = "<group>"; };
		0C50FFDF0E2EADCD00F13E92 /* can_internal.h */ = {isa = PBXFileReference; fileEncoding = 4; lastKnownFileType = sourcecode.c.h; path = can_internal.h; sourceTree = "<group>"; };
		0C50FFE00E2EADCD00F13E92 /* can_isr.c */ = {isa = PBXFileReference; fileEncoding = 4; lastKnownFileType = sourcecode.c.c; path = can_isr.c; sourceTree = "<group>"; };
		0C50FFE10E2EADCD00F13E92 /* controller.h */ = {isa = PBXFileReference; fileEncoding = 4; lastKnownFileType = sourcecode.c.h; path = controller.h; sourceTree = "<group>"; };
		0C50FFE20E2EADCD00F13E92 /* core.txt */ = {isa = PBXFileReference; fileEncoding = 4; lastKnownFileType = text; path = core.txt; sourceTree = "<group>"; };
		0C50FFE30E2EADCD00F13E92 /* debug.h */ = {isa = PBXFileReference; fileEncoding = 4; lastKnownFileType = sourcecode.c.h; path = debug.h; sourceTree = "<group>"; };
		0C50FFE40E2EADCD00F13E92 /* debugosc.c */ = {isa = PBXFileReference; fileEncoding = 4; lastKnownFileType = sourcecode.c.c; path = debugosc.c; sourceTree = "<group>"; };
		0C50FFE50E2EADCD00F13E92 /* descriptors.h */ = {isa = PBXFileReference; fileEncoding = 4; lastKnownFileType = sourcecode.c.h; path = descriptors.h; sourceTree = "<group>"; };
		0C50FFE60E2EADCD00F13E92 /* eeprom.c */ = {isa = PBXFileReference; fileEncoding = 4; lastKnownFileType = sourcecode.c.c; path = eeprom.c; sourceTree = "<group>"; };
		0C50FFE70E2EADCD00F13E92 /* eeprom.h */ = {isa = PBXFileReference; fileEncoding = 4; lastKnownFileType = sourcecode.c.h; path = eeprom.h; sourceTree = "<group>"; };
		0C50FFE80E2EADCD00F13E92 /* Emac.h */ = {isa = PBXFileReference; fileEncoding = 4; lastKnownFileType = sourcecode.c.h; path = Emac.h; sourceTree = "<group>"; };
		0C50FFE90E2EADCD00F13E92 /* error.h */ = {isa = PBXFileReference; fileEncoding = 4; lastKnownFileType = sourcecode.c.h; path = error.h; sourceTree = "<group>"; };
		0C50FFEA0E2EADCD00F13E92 /* fasttimer.c */ = {isa = PBXFileReference; fileEncoding = 4; lastKnownFileType = sourcecode.c.c; path = fasttimer.c; sourceTree = "<group>"; };
		0C50FFEB0E2EADCD00F13E92 /* fasttimer.h */ = {isa = PBXFileReference; fileEncoding = 4; lastKnownFileType = sourcecode.c.h; path = fasttimer.h; sourceTree = "<group>"; };
		0C50FFEC0E2EADCD00F13E92 /* fasttimer_internal.h */ = {isa = PBXFileReference; fileEncoding = 4; lastKnownFileType = sourcecode.c.h; path = fasttimer_internal.h; sourceTree = "<group>"; };
		0C50FFED0E2EADCD00F13E92 /* fasttimer_isr.c */ = {isa = PBXFileReference; fileEncoding = 4; lastKnownFileType = sourcecode.c.c; path = fasttimer_isr.c; sourceTree = "<group>"; };
		0C50FFEE0E2EADCD00F13E92 /* FreeRTOSConfig.h */ = {isa = PBXFileReference; fileEncoding = 4; lastKnownFileType = sourcecode.c.h; path = FreeRTOSConfig.h; sourceTree = "<group>"; };
		0C50FFEF0E2EADCD00F13E92 /* io.c */ = {isa = PBXFileReference; fileEncoding = 4; lastKnownFileType = sourcecode.c.c; path = io.c; sourceTree = "<group>"; };
		0C50FFF00E2EADCD00F13E92 /* io.h */ = {isa = PBXFileReference; fileEncoding = 4; lastKnownFileType = sourcecode.c.h; path = io.h; sourceTree = "<group>"; };
		0C50FFF10E2EADCD00F13E92 /* led.c */ = {isa = PBXFileReference; fileEncoding = 4; lastKnownFileType = sourcecode.c.c; path = led.c; sourceTree = "<group>"; };
		0C50FFF20E2EADCD00F13E92 /* led.h */ = {isa = PBXFileReference; fileEncoding = 4; lastKnownFileType = sourcecode.c.h; path = led.h; sourceTree = "<group>"; };
		0C50FFF30E2EADCD00F13E92 /* lwipopts.h */ = {isa = PBXFileReference; fileEncoding = 4; lastKnownFileType = sourcecode.c.h; path = lwipopts.h; sourceTree = "<group>"; };
		0C50FFF40E2EADCD00F13E92 /* main.c */ = {isa = PBXFileReference; fileEncoding = 4; lastKnownFileType = sourcecode.c.c; path = main.c; sourceTree = "<group>"; };
		0C50FFF50E2EADCD00F13E92 /* make_controller_kit.inf */ = {isa = PBXFileReference; fileEncoding = 4; lastKnownFileType = text; path = make_controller_kit.inf; sourceTree = "<group>"; };
		0C50FFF60E2EADCD00F13E92 /* mii.h */ = {isa = PBXFileReference; fileEncoding = 4; lastKnownFileType = sourcecode.c.h; path = mii.h; sourceTree = "<group>"; };
		0C50FFF70E2EADCD00F13E92 /* network.c */ = {isa = PBXFileReference; fileEncoding = 4; lastKnownFileType = sourcecode.c.c; path = network.c; sourceTree = "<group>"; };
		0C50FFF80E2EADCD00F13E92 /* network.h */ = {isa = PBXFileReference; fileEncoding = 4; lastKnownFileType = sourcecode.c.h; path = network.h; sourceTree = "<group>"; };
		0C50FFF90E2EADCD00F13E92 /* osc.c */ = {isa = PBXFileReference; fileEncoding = 4; lastKnownFileType = sourcecode.c.c; path = osc.c; sourceTree = "<group>"; };
		0C50FFFA0E2EADCD00F13E92 /* osc.h */ = {isa = PBXFileReference; fileEncoding = 4; lastKnownFileType = sourcecode.c.h; path = osc.h; sourceTree = "<group>"; };
		0C50FFFB0E2EADCD00F13E92 /* osc_patternmatch.c */ = {isa = PBXFileReference; fileEncoding = 4; lastKnownFileType = sourcecode.c.c; path = osc_patternmatch.c; sourceTree = "<group>"; };
		0C50FFFC0E2EADCD00F13E92 /* osc_patternmatch.h */ = {isa = PBXFileReference; fileEncoding = 4; lastKnownFileType = sourcecode.c.h; path = osc_patternmatch.h; sourceTree = "<group>"; };
		0C50FFFD0E2EADCD00F13E92 /* poly.c */ = {isa = PBXFileReference; fileEncoding = 4; lastKnownFileType = sourcecode.c.c; path = poly.c; sourceTree = "<group>"; };
		0C50FFFE0E2EADCD00F13E92 /* poly.h */ = {isa = PBXFileReference; fileEncoding = 4; lastKnownFileType = sourcecode.c.h; path = poly.h; sourceTree = "<group>"; };
		0C50FFFF0E2EADCD00F13E92 /* pwm.c */ = {isa = PBXFileReference; fileEncoding = 4; lastKnownFileType = sourcecode.c.c; path = pwm.c; sourceTree = "<group>"; };
		6EEDC60F0BEFB38200A867A6 /* config.h */ = {isa = PBXFileReference; fileEncoding = 30; lastKnownFileType = sourcecode.c.h; path = config.h; sourceTree = "<group>"; };
		6EEDC6620BEFB38200A867A6 /* Makefile */ = {isa = PBXFileReference; fileEncoding = 30; lastKnownFileType = sourcecode.make; path = Makefile; sourceTree = "<group>"; };
		9AC594420CBB0A210088DAED /* main.c */ = {isa = PBXFileReference; fileEncoding = 30; lastKnownFileType = sourcecode.c.c; path = main.c; sourceTree = "<group>"; };
/* End PBXFileReference section */

/* Begin PBXGroup section */
		08FB7794FE84155DC02AAC07 /* heavy */ = {
			isa = PBXGroup;
			children = (
				0C50FF190E2EADBE00F13E92 /* core */,
				6EEDC5FE0BEFB38200A867A6 /* tiny */,
			);
			name = heavy;
			sourceTree = "<group>";
		};
		0C5000120E2EADCD00F13E92 /* testing */ = {
			isa = PBXGroup;
			children = (
				0C5000130E2EADCD00F13E92 /* atestee.c */,
				0C5000140E2EADCD00F13E92 /* atestee.h */,
				0C5000150E2EADCD00F13E92 /* ctestee.c */,
				0C5000160E2EADCD00F13E92 /* ctestee.h */,
				0C5000170E2EADCD00F13E92 /* ctester.c */,
				0C5000180E2EADCD00F13E92 /* ctester.h */,
			);
			path = testing;
			sourceTree = "<group>";
		};
		0C5000250E2EADCD00F13E92 /* startup */ = {
			isa = PBXGroup;
			children = (
				0C5000260E2EADCD00F13E92 /* AT91SAM7_Startup.s */,
				0C5000270E2EADCD00F13E92 /* AT91SAM7_Target.js */,
				0C5000280E2EADCD00F13E92 /* AT91SAM7S256_MemoryMap.xml */,
				0C5000290E2EADCD00F13E92 /* atmel-rom.ld */,
				0C50002A0E2EADCD00F13E92 /* boot.s */,
				0C50002B0E2EADCD00F13E92 /* crt0.s */,
				0C50002C0E2EADCD00F13E92 /* Cstartup_SAM7.c */,
				0C50002D0E2EADCD00F13E92 /* extras.c */,
				0C50002E0E2EADCD00F13E92 /* flash_placement.xml */,
			);
			name = startup;
			path = ../../core/startup;
			sourceTree = SOURCE_ROOT;
		};
		0C50FF190E2EADBE00F13E92 /* core */ = {
			isa = PBXGroup;
			children = (
				0C50FF1A0E2EADCC00F13E92 /* freertos */,
				0C50FF3A0E2EADCC00F13E92 /* lwip */,
				0C50FFD70E2EADCD00F13E92 /* makingthings */,
				0C5000250E2EADCD00F13E92 /* startup */,
			);
			name = core;
			sourceTree = "<group>";
		};
		0C50FF1A0E2EADCC00F13E92 /* freertos */ = {
			isa = PBXGroup;
			children = (
				0C50FF1B0E2EADCC00F13E92 /* croutine.c */,
				0C50FF1C0E2EADCC00F13E92 /* include */,
				0C50FF250E2EADCC00F13E92 /* license.txt */,
				0C50FF260E2EADCC00F13E92 /* list.c */,
				0C50FF270E2EADCC00F13E92 /* portable */,
				0C50FF350E2EADCC00F13E92 /* queue.c */,
				0C50FF360E2EADCC00F13E92 /* readme.txt */,
				0C50FF370E2EADCC00F13E92 /* tasks.c */,
				0C50FF380E2EADCC00F13E92 /* TraceCon */,
			);
			name = freertos;
			path = ../../core/freertos;
			sourceTree = SOURCE_ROOT;
		};
		0C50FF1C0E2EADCC00F13E92 /* include */ = {
			isa = PBXGroup;
			children = (
				0C50FF1D0E2EADCC00F13E92 /* croutine.h */,
				0C50FF1E0E2EADCC00F13E92 /* FreeRTOS.h */,
				0C50FF1F0E2EADCC00F13E92 /* list.h */,
				0C50FF200E2EADCC00F13E92 /* portable.h */,
				0C50FF210E2EADCC00F13E92 /* projdefs.h */,
				0C50FF220E2EADCC00F13E92 /* queue.h */,
				0C50FF230E2EADCC00F13E92 /* semphr.h */,
				0C50FF240E2EADCC00F13E92 /* task.h */,
			);
			path = include;
			sourceTree = "<group>";
		};
		0C50FF270E2EADCC00F13E92 /* portable */ = {
			isa = PBXGroup;
			children = (
				0C50FF280E2EADCC00F13E92 /* GCC */,
				0C50FF310E2EADCC00F13E92 /* MemMang */,
			);
			path = portable;
			sourceTree = "<group>";
		};
		0C50FF280E2EADCC00F13E92 /* GCC */ = {
			isa = PBXGroup;
			children = (
				0C50FF290E2EADCC00F13E92 /* ARM7_AT91SAM7S */,
			);
			path = GCC;
			sourceTree = "<group>";
		};
		0C50FF290E2EADCC00F13E92 /* ARM7_AT91SAM7S */ = {
			isa = PBXGroup;
			children = (
				0C50FF2A0E2EADCC00F13E92 /* AT91SAM7X256.h */,
				0C50FF2B0E2EADCC00F13E92 /* ioat91sam7x256.h */,
				0C50FF2C0E2EADCC00F13E92 /* lib_AT91SAM7X256.c */,
				0C50FF2D0E2EADCC00F13E92 /* lib_AT91SAM7X256.h */,
				0C50FF2E0E2EADCC00F13E92 /* port.c */,
				0C50FF2F0E2EADCC00F13E92 /* portISR.c */,
				0C50FF300E2EADCC00F13E92 /* portmacro.h */,
			);
			path = ARM7_AT91SAM7S;
			sourceTree = "<group>";
		};
		0C50FF310E2EADCC00F13E92 /* MemMang */ = {
			isa = PBXGroup;
			children = (
				0C50FF320E2EADCC00F13E92 /* heap_1.c */,
				0C50FF330E2EADCC00F13E92 /* heap_2.c */,
				0C50FF340E2EADCC00F13E92 /* heap_3.c */,
			);
			path = MemMang;
			sourceTree = "<group>";
		};
		0C50FF380E2EADCC00F13E92 /* TraceCon */ = {
			isa = PBXGroup;
			children = (
				0C50FF390E2EADCC00F13E92 /* readme.txt */,
			);
			path = TraceCon;
			sourceTree = "<group>";
		};
		0C50FF3A0E2EADCC00F13E92 /* lwip */ = {
			isa = PBXGroup;
			children = (
				0C50FF3B0E2EADCC00F13E92 /* CHANGELOG */,
				0C50FF3C0E2EADCC00F13E92 /* contrib */,
				0C50FF480E2EADCC00F13E92 /* COPYING */,
				0C50FF490E2EADCC00F13E92 /* doc */,
				0C50FF4F0E2EADCC00F13E92 /* FILES */,
				0C50FF500E2EADCC00F13E92 /* README */,
				0C50FF510E2EADCC00F13E92 /* src */,
			);
			name = lwip;
			path = ../../core/lwip;
			sourceTree = SOURCE_ROOT;
		};
		0C50FF3C0E2EADCC00F13E92 /* contrib */ = {
			isa = PBXGroup;
			children = (
				0C50FF3D0E2EADCC00F13E92 /* port */,
			);
			path = contrib;
			sourceTree = "<group>";
		};
		0C50FF3D0E2EADCC00F13E92 /* port */ = {
			isa = PBXGroup;
			children = (
				0C50FF3E0E2EADCC00F13E92 /* FreeRTOS */,
			);
			path = port;
			sourceTree = "<group>";
		};
		0C50FF3E0E2EADCC00F13E92 /* FreeRTOS */ = {
			isa = PBXGroup;
			children = (
				0C50FF3F0E2EADCC00F13E92 /* AT91SAM7X */,
			);
			path = FreeRTOS;
			sourceTree = "<group>";
		};
		0C50FF3F0E2EADCC00F13E92 /* AT91SAM7X */ = {
			isa = PBXGroup;
			children = (
				0C50FF400E2EADCC00F13E92 /* arch */,
				0C50FF470E2EADCC00F13E92 /* sys_arch.c */,
			);
			path = AT91SAM7X;
			sourceTree = "<group>";
		};
		0C50FF400E2EADCC00F13E92 /* arch */ = {
			isa = PBXGroup;
			children = (
				0C50FF410E2EADCC00F13E92 /* cc.h */,
				0C50FF420E2EADCC00F13E92 /* cpu.h */,
				0C50FF430E2EADCC00F13E92 /* init.h */,
				0C50FF440E2EADCC00F13E92 /* lib.h */,
				0C50FF450E2EADCC00F13E92 /* perf.h */,
				0C50FF460E2EADCC00F13E92 /* sys_arch.h */,
			);
			path = arch;
			sourceTree = "<group>";
		};
		0C50FF490E2EADCC00F13E92 /* doc */ = {
			isa = PBXGroup;
			children = (
				0C50FF4A0E2EADCC00F13E92 /* contrib.txt */,
				0C50FF4B0E2EADCC00F13E92 /* rawapi.txt */,
				0C50FF4C0E2EADCC00F13E92 /* savannah.txt */,
				0C50FF4D0E2EADCC00F13E92 /* snmp_agent.txt */,
				0C50FF4E0E2EADCC00F13E92 /* sys_arch.txt */,
			);
			path = doc;
			sourceTree = "<group>";
		};
		0C50FF510E2EADCC00F13E92 /* src */ = {
			isa = PBXGroup;
			children = (
				0C50FF520E2EADCC00F13E92 /* api */,
				0C50FF5B0E2EADCC00F13E92 /* core */,
				0C50FF800E2EADCC00F13E92 /* FILES */,
				0C50FF810E2EADCC00F13E92 /* include */,
				0C50FFB60E2EADCC00F13E92 /* netif */,
			);
			path = src;
			sourceTree = "<group>";
		};
		0C50FF520E2EADCC00F13E92 /* api */ = {
			isa = PBXGroup;
			children = (
				0C50FF530E2EADCC00F13E92 /* api_lib.c */,
				0C50FF540E2EADCC00F13E92 /* api_msg.c */,
				0C50FF550E2EADCC00F13E92 /* err.c */,
				0C50FF560E2EADCC00F13E92 /* netbuf.c */,
				0C50FF570E2EADCC00F13E92 /* netdb.c */,
				0C50FF580E2EADCC00F13E92 /* netifapi.c */,
				0C50FF590E2EADCC00F13E92 /* sockets.c */,
				0C50FF5A0E2EADCC00F13E92 /* tcpip.c */,
			);
			path = api;
			sourceTree = "<group>";
		};
		0C50FF5B0E2EADCC00F13E92 /* core */ = {
			isa = PBXGroup;
			children = (
				0C50FF5C0E2EADCC00F13E92 /* dhcp.c */,
				0C50FF5D0E2EADCC00F13E92 /* dns.c */,
				0C50FF5E0E2EADCC00F13E92 /* init.c */,
				0C50FF5F0E2EADCC00F13E92 /* ipv4 */,
				0C50FF680E2EADCC00F13E92 /* ipv6 */,
				0C50FF6E0E2EADCC00F13E92 /* mem.c */,
				0C50FF6F0E2EADCC00F13E92 /* memp.c */,
				0C50FF700E2EADCC00F13E92 /* netif.c */,
				0C50FF710E2EADCC00F13E92 /* pbuf.c */,
				0C50FF720E2EADCC00F13E92 /* raw.c */,
				0C50FF730E2EADCC00F13E92 /* snmp */,
				0C50FF7A0E2EADCC00F13E92 /* stats.c */,
				0C50FF7B0E2EADCC00F13E92 /* sys.c */,
				0C50FF7C0E2EADCC00F13E92 /* tcp.c */,
				0C50FF7D0E2EADCC00F13E92 /* tcp_in.c */,
				0C50FF7E0E2EADCC00F13E92 /* tcp_out.c */,
				0C50FF7F0E2EADCC00F13E92 /* udp.c */,
			);
			path = core;
			sourceTree = "<group>";
		};
		0C50FF5F0E2EADCC00F13E92 /* ipv4 */ = {
			isa = PBXGroup;
			children = (
				0C50FF600E2EADCC00F13E92 /* autoip.c */,
				0C50FF610E2EADCC00F13E92 /* icmp.c */,
				0C50FF620E2EADCC00F13E92 /* igmp.c */,
				0C50FF630E2EADCC00F13E92 /* inet.c */,
				0C50FF640E2EADCC00F13E92 /* inet_chksum.c */,
				0C50FF650E2EADCC00F13E92 /* ip.c */,
				0C50FF660E2EADCC00F13E92 /* ip_addr.c */,
				0C50FF670E2EADCC00F13E92 /* ip_frag.c */,
			);
			path = ipv4;
			sourceTree = "<group>";
		};
		0C50FF680E2EADCC00F13E92 /* ipv6 */ = {
			isa = PBXGroup;
			children = (
				0C50FF690E2EADCC00F13E92 /* icmp6.c */,
				0C50FF6A0E2EADCC00F13E92 /* inet6.c */,
				0C50FF6B0E2EADCC00F13E92 /* ip6.c */,
				0C50FF6C0E2EADCC00F13E92 /* ip6_addr.c */,
				0C50FF6D0E2EADCC00F13E92 /* README */,
			);
			path = ipv6;
			sourceTree = "<group>";
		};
		0C50FF730E2EADCC00F13E92 /* snmp */ = {
			isa = PBXGroup;
			children = (
				0C50FF740E2EADCC00F13E92 /* asn1_dec.c */,
				0C50FF750E2EADCC00F13E92 /* asn1_enc.c */,
				0C50FF760E2EADCC00F13E92 /* mib2.c */,
				0C50FF770E2EADCC00F13E92 /* mib_structs.c */,
				0C50FF780E2EADCC00F13E92 /* msg_in.c */,
				0C50FF790E2EADCC00F13E92 /* msg_out.c */,
			);
			path = snmp;
			sourceTree = "<group>";
		};
		0C50FF810E2EADCC00F13E92 /* include */ = {
			isa = PBXGroup;
			children = (
				0C50FF820E2EADCC00F13E92 /* ipv4 */,
				0C50FF8C0E2EADCC00F13E92 /* ipv6 */,
				0C50FF920E2EADCC00F13E92 /* lwip */,
				0C50FFB10E2EADCC00F13E92 /* netif */,
			);
			path = include;
			sourceTree = "<group>";
		};
		0C50FF820E2EADCC00F13E92 /* ipv4 */ = {
			isa = PBXGroup;
			children = (
				0C50FF830E2EADCC00F13E92 /* lwip */,
			);
			path = ipv4;
			sourceTree = "<group>";
		};
		0C50FF830E2EADCC00F13E92 /* lwip */ = {
			isa = PBXGroup;
			children = (
				0C50FF840E2EADCC00F13E92 /* autoip.h */,
				0C50FF850E2EADCC00F13E92 /* icmp.h */,
				0C50FF860E2EADCC00F13E92 /* igmp.h */,
				0C50FF870E2EADCC00F13E92 /* inet.h */,
				0C50FF880E2EADCC00F13E92 /* inet_chksum.h */,
				0C50FF890E2EADCC00F13E92 /* ip.h */,
				0C50FF8A0E2EADCC00F13E92 /* ip_addr.h */,
				0C50FF8B0E2EADCC00F13E92 /* ip_frag.h */,
			);
			path = lwip;
			sourceTree = "<group>";
		};
		0C50FF8C0E2EADCC00F13E92 /* ipv6 */ = {
			isa = PBXGroup;
			children = (
				0C50FF8D0E2EADCC00F13E92 /* lwip */,
			);
			path = ipv6;
			sourceTree = "<group>";
		};
		0C50FF8D0E2EADCC00F13E92 /* lwip */ = {
			isa = PBXGroup;
			children = (
				0C50FF8E0E2EADCC00F13E92 /* icmp.h */,
				0C50FF8F0E2EADCC00F13E92 /* inet.h */,
				0C50FF900E2EADCC00F13E92 /* ip.h */,
				0C50FF910E2EADCC00F13E92 /* ip_addr.h */,
			);
			path = lwip;
			sourceTree = "<group>";
		};
		0C50FF920E2EADCC00F13E92 /* lwip */ = {
			isa = PBXGroup;
			children = (
				0C50FF930E2EADCC00F13E92 /* api.h */,
				0C50FF940E2EADCC00F13E92 /* api_msg.h */,
				0C50FF950E2EADCC00F13E92 /* arch.h */,
				0C50FF960E2EADCC00F13E92 /* debug.h */,
				0C50FF970E2EADCC00F13E92 /* def.h */,
				0C50FF980E2EADCC00F13E92 /* dhcp.h */,
				0C50FF990E2EADCC00F13E92 /* dns.h */,
				0C50FF9A0E2EADCC00F13E92 /* err.h */,
				0C50FF9B0E2EADCC00F13E92 /* init.h */,
				0C50FF9C0E2EADCC00F13E92 /* mem.h */,
				0C50FF9D0E2EADCC00F13E92 /* memp.h */,
				0C50FF9E0E2EADCC00F13E92 /* memp_std.h */,
				0C50FF9F0E2EADCC00F13E92 /* netbuf.h */,
				0C50FFA00E2EADCC00F13E92 /* netdb.h */,
				0C50FFA10E2EADCC00F13E92 /* netif.h */,
				0C50FFA20E2EADCC00F13E92 /* netifapi.h */,
				0C50FFA30E2EADCC00F13E92 /* opt.h */,
				0C50FFA40E2EADCC00F13E92 /* pbuf.h */,
				0C50FFA50E2EADCC00F13E92 /* raw.h */,
				0C50FFA60E2EADCC00F13E92 /* sio.h */,
				0C50FFA70E2EADCC00F13E92 /* snmp.h */,
				0C50FFA80E2EADCC00F13E92 /* snmp_asn1.h */,
				0C50FFA90E2EADCC00F13E92 /* snmp_msg.h */,
				0C50FFAA0E2EADCC00F13E92 /* snmp_structs.h */,
				0C50FFAB0E2EADCC00F13E92 /* sockets.h */,
				0C50FFAC0E2EADCC00F13E92 /* stats.h */,
				0C50FFAD0E2EADCC00F13E92 /* sys.h */,
				0C50FFAE0E2EADCC00F13E92 /* tcp.h */,
				0C50FFAF0E2EADCC00F13E92 /* tcpip.h */,
				0C50FFB00E2EADCC00F13E92 /* udp.h */,
			);
			path = lwip;
			sourceTree = "<group>";
		};
		0C50FFB10E2EADCC00F13E92 /* netif */ = {
			isa = PBXGroup;
			children = (
				0C50FFB20E2EADCC00F13E92 /* etharp.h */,
				0C50FFB30E2EADCC00F13E92 /* loopif.h */,
				0C50FFB40E2EADCC00F13E92 /* ppp_oe.h */,
				0C50FFB50E2EADCC00F13E92 /* slipif.h */,
			);
			path = netif;
			sourceTree = "<group>";
		};
		0C50FFB60E2EADCC00F13E92 /* netif */ = {
			isa = PBXGroup;
			children = (
				0C50FFB70E2EADCC00F13E92 /* etharp.c */,
				0C50FFB80E2EADCC00F13E92 /* ethernetif.c */,
				0C50FFB90E2EADCC00F13E92 /* loopif.c */,
				0C50FFBA0E2EADCC00F13E92 /* ppp */,
				0C50FFD60E2EADCD00F13E92 /* slipif.c */,
			);
			path = netif;
			sourceTree = "<group>";
		};
		0C50FFBA0E2EADCC00F13E92 /* ppp */ = {
			isa = PBXGroup;
			children = (
				0C50FFBB0E2EADCC00F13E92 /* auth.c */,
				0C50FFBC0E2EADCC00F13E92 /* auth.h */,
				0C50FFBD0E2EADCC00F13E92 /* chap.c */,
				0C50FFBE0E2EADCC00F13E92 /* chap.h */,
				0C50FFBF0E2EADCC00F13E92 /* chpms.c */,
				0C50FFC00E2EADCC00F13E92 /* chpms.h */,
				0C50FFC10E2EADCC00F13E92 /* fsm.c */,
				0C50FFC20E2EADCC00F13E92 /* fsm.h */,
				0C50FFC30E2EADCC00F13E92 /* ipcp.c */,
				0C50FFC40E2EADCC00F13E92 /* ipcp.h */,
				0C50FFC50E2EADCC00F13E92 /* lcp.c */,
				0C50FFC60E2EADCC00F13E92 /* lcp.h */,
				0C50FFC70E2EADCC00F13E92 /* magic.c */,
				0C50FFC80E2EADCC00F13E92 /* magic.h */,
				0C50FFC90E2EADCC00F13E92 /* md5.c */,
				0C50FFCA0E2EADCC00F13E92 /* md5.h */,
				0C50FFCB0E2EADCC00F13E92 /* pap.c */,
				0C50FFCC0E2EADCC00F13E92 /* pap.h */,
				0C50FFCD0E2EADCC00F13E92 /* ppp.c */,
				0C50FFCE0E2EADCC00F13E92 /* ppp.h */,
				0C50FFCF0E2EADCC00F13E92 /* ppp_oe.c */,
				0C50FFD00E2EADCC00F13E92 /* pppdebug.h */,
				0C50FFD10E2EADCC00F13E92 /* randm.c */,
				0C50FFD20E2EADCC00F13E92 /* randm.h */,
				0C50FFD30E2EADCC00F13E92 /* vj.c */,
				0C50FFD40E2EADCD00F13E92 /* vj.h */,
				0C50FFD50E2EADCD00F13E92 /* vjbsdhdr.h */,
			);
			path = ppp;
			sourceTree = "<group>";
		};
		0C50FFD70E2EADCD00F13E92 /* makingthings */ = {
			isa = PBXGroup;
			children = (
				0C50FFD80E2EADCD00F13E92 /* analogin.c */,
				0C50FFD90E2EADCD00F13E92 /* analogin.h */,
				0C50FFDA0E2EADCD00F13E92 /* analogin_internal.h */,
				0C50FFDB0E2EADCD00F13E92 /* analogin_isr.c */,
				0C50FFDC0E2EADCD00F13E92 /* Board.h */,
				0C50FFDD0E2EADCD00F13E92 /* can.c */,
				0C50FFDE0E2EADCD00F13E92 /* can.h */,
				0C50FFDF0E2EADCD00F13E92 /* can_internal.h */,
				0C50FFE00E2EADCD00F13E92 /* can_isr.c */,
				0C50FFE10E2EADCD00F13E92 /* controller.h */,
				0C50FFE20E2EADCD00F13E92 /* core.txt */,
				0C50FFE30E2EADCD00F13E92 /* debug.h */,
				0C50FFE40E2EADCD00F13E92 /* debugosc.c */,
				0C50FFE50E2EADCD00F13E92 /* descriptors.h */,
				0C50FFE60E2EADCD00F13E92 /* eeprom.c */,
				0C50FFE70E2EADCD00F13E92 /* eeprom.h */,
				0C50FFE80E2EADCD00F13E92 /* Emac.h */,
				0C50FFE90E2EADCD00F13E92 /* error.h */,
				0C50FFEA0E2EADCD00F13E92 /* fasttimer.c */,
				0C50FFEB0E2EADCD00F13E92 /* fasttimer.h */,
				0C50FFEC0E2EADCD00F13E92 /* fasttimer_internal.h */,
				0C50FFED0E2EADCD00F13E92 /* fasttimer_isr.c */,
				0C50FFEE0E2EADCD00F13E92 /* FreeRTOSConfig.h */,
				0C50FFEF0E2EADCD00F13E92 /* io.c */,
				0C50FFF00E2EADCD00F13E92 /* io.h */,
				0C50FFF10E2EADCD00F13E92 /* led.c */,
				0C50FFF20E2EADCD00F13E92 /* led.h */,
				0C50FFF30E2EADCD00F13E92 /* lwipopts.h */,
				0C50FFF40E2EADCD00F13E92 /* main.c */,
				0C50FFF50E2EADCD00F13E92 /* make_controller_kit.inf */,
				0C50FFF60E2EADCD00F13E92 /* mii.h */,
				0C50FFF70E2EADCD00F13E92 /* network.c */,
				0C50FFF80E2EADCD00F13E92 /* network.h */,
				0C50FFF90E2EADCD00F13E92 /* osc.c */,
				0C50FFFA0E2EADCD00F13E92 /* osc.h */,
				0C50FFFB0E2EADCD00F13E92 /* osc_patternmatch.c */,
				0C50FFFC0E2EADCD00F13E92 /* osc_patternmatch.h */,
				0C50FFFD0E2EADCD00F13E92 /* poly.c */,
				0C50FFFE0E2EADCD00F13E92 /* poly.h */,
				0C50FFFF0E2EADCD00F13E92 /* pwm.c */,
				0C5000000E2EADCD00F13E92 /* pwm.h */,
				0C5000010E2EADCD00F13E92 /* rtos.c */,
				0C5000020E2EADCD00F13E92 /* rtos.h */,
				0C5000030E2EADCD00F13E92 /* SAM7_EMAC.c */,
				0C5000040E2EADCD00F13E92 /* SAM7_EMAC.h */,
				0C5000050E2EADCD00F13E92 /* SAM7_EMAC_ISR.c */,
				0C5000060E2EADCD00F13E92 /* serial.c */,
				0C5000070E2EADCD00F13E92 /* serial.h */,
				0C5000080E2EADCD00F13E92 /* serial2.c */,
				0C5000090E2EADCD00F13E92 /* serial2.h */,
				0C50000A0E2EADCD00F13E92 /* serial2_internal.h */,
				0C50000B0E2EADCD00F13E92 /* serial2_isr.c */,
				0C50000C0E2EADCD00F13E92 /* serial_internal.h */,
				0C50000D0E2EADCD00F13E92 /* serial_isr.c */,
				0C50000E0E2EADCD00F13E92 /* spi.c */,
				0C50000F0E2EADCD00F13E92 /* spi.h */,
				0C5000100E2EADCD00F13E92 /* system.c */,
				0C5000110E2EADCD00F13E92 /* system.h */,
				0C5000120E2EADCD00F13E92 /* testing */,
				0C5000190E2EADCD00F13E92 /* timer.c */,
				0C50001A0E2EADCD00F13E92 /* timer.h */,
				0C50001B0E2EADCD00F13E92 /* timer_internal.h */,
				0C50001C0E2EADCD00F13E92 /* timer_isr.c */,
				0C50001D0E2EADCD00F13E92 /* types.h */,
				0C50001E0E2EADCD00F13E92 /* USB-CDC.c */,
				0C50001F0E2EADCD00F13E92 /* USB-CDC.h */,
				0C5000200E2EADCD00F13E92 /* usb-internal.h */,
				0C5000210E2EADCD00F13E92 /* usb.c */,
				0C5000220E2EADCD00F13E92 /* usb.h */,
				0C5000230E2EADCD00F13E92 /* usb_internal.h */,
				0C5000240E2EADCD00F13E92 /* USBIsr.c */,
			);
			name = makingthings;
			path = ../../core/makingthings;
			sourceTree = SOURCE_ROOT;
		};
		6EEDC5FE0BEFB38200A867A6 /* tiny */ = {
			isa = PBXGroup;
			children = (
				9AC594420CBB0A210088DAED /* main.c */,
				6EEDC60F0BEFB38200A867A6 /* config.h */,
				6EEDC6620BEFB38200A867A6 /* Makefile */,
			);
			name = tiny;
			sourceTree = "<group>";
		};
/* End PBXGroup section */

/* Begin PBXLegacyTarget section */
		6EEDC4E10BEFB34800A867A6 /* tiny */ = {
			isa = PBXLegacyTarget;
			buildArgumentsString = "$(ACTION)";
			buildConfigurationList = 6EEDC4EA0BEFB35800A867A6 /* Build configuration list for PBXLegacyTarget "tiny" */;
			buildPhases = (
			);
			buildToolPath = /usr/bin/make;
			dependencies = (
			);
			name = tiny;
			passBuildSettingsInEnvironment = 1;
			productName = heavy;
		};
/* End PBXLegacyTarget section */

/* Begin PBXProject section */
		08FB7793FE84155DC02AAC07 /* Project object */ = {
			isa = PBXProject;
			buildConfigurationList = 1DEB928908733DD80010E9CD /* Build configuration list for PBXProject "tiny" */;
			compatibilityVersion = "Xcode 2.4";
			hasScannedForEncodings = 1;
			mainGroup = 08FB7794FE84155DC02AAC07 /* heavy */;
			projectDirPath = "";
			projectRoot = "";
			targets = (
				6EEDC4E10BEFB34800A867A6 /* tiny */,
			);
		};
/* End PBXProject section */

/* Begin XCBuildConfiguration section */
		1DEB928A08733DD80010E9CD /* Debug */ = {
			isa = XCBuildConfiguration;
			buildSettings = {
				GCC_WARN_ABOUT_RETURN_TYPE = YES;
				GCC_WARN_UNUSED_VARIABLE = YES;
				PREBINDING = NO;
				SDKROOT = /Developer/SDKs/MacOSX10.4u.sdk;
			};
			name = Debug;
		};
		1DEB928B08733DD80010E9CD /* Release */ = {
			isa = XCBuildConfiguration;
			buildSettings = {
				GCC_WARN_ABOUT_RETURN_TYPE = YES;
				GCC_WARN_UNUSED_VARIABLE = YES;
				PREBINDING = NO;
				SDKROOT = /Developer/SDKs/MacOSX10.4u.sdk;
			};
			name = Release;
		};
		6EEDC4EB0BEFB35800A867A6 /* Debug */ = {
			isa = XCBuildConfiguration;
			buildSettings = {
				COPY_PHASE_STRIP = NO;
				GCC_DYNAMIC_NO_PIC = NO;
				GCC_GENERATE_DEBUGGING_SYMBOLS = YES;
				GCC_OPTIMIZATION_LEVEL = 0;
				PRODUCT_NAME = tiny;
			};
			name = Debug;
		};
		6EEDC4EC0BEFB35800A867A6 /* Release */ = {
			isa = XCBuildConfiguration;
			buildSettings = {
				COPY_PHASE_STRIP = YES;
				GCC_ENABLE_FIX_AND_CONTINUE = NO;
				GCC_GENERATE_DEBUGGING_SYMBOLS = NO;
				PRODUCT_NAME = heavy;
				ZERO_LINK = NO;
			};
			name = Release;
		};
/* End XCBuildConfiguration section */

/* Begin XCConfigurationList section */
		1DEB928908733DD80010E9CD /* Build configuration list for PBXProject "tiny" */ = {
			isa = XCConfigurationList;
			buildConfigurations = (
				1DEB928A08733DD80010E9CD /* Debug */,
				1DEB928B08733DD80010E9CD /* Release */,
			);
			defaultConfigurationIsVisible = 0;
			defaultConfigurationName = Release;
		};
		6EEDC4EA0BEFB35800A867A6 /* Build configuration list for PBXLegacyTarget "tiny" */ = {
			isa = XCConfigurationList;
			buildConfigurations = (
				6EEDC4EB0BEFB35800A867A6 /* Debug */,
				6EEDC4EC0BEFB35800A867A6 /* Release */,
			);
			defaultConfigurationIsVisible = 0;
			defaultConfigurationName = Release;
		};
/* End XCConfigurationList section */
	};
	rootObject = 08FB7793FE84155DC02AAC07 /* Project object */;
}
